
Microsoft Visual Studio Solution File, Format Version 12.00
# Visual Studio Version 17
VisualStudioVersion = 17.0.31903.59
MinimumVisualStudioVersion = 10.0.40219.1
Project("{FAE04EC0-301F-11D3-BF4B-00C04F79EFBC}") = "NScan", "NScan\NScan.csproj", "{BFF6B617-5E21-45D0-A845-ED625382B90C}"
EndProject
Project("{FAE04EC0-301F-11D3-BF4B-00C04F79EFBC}") = "NScanCore", "NScanCore\NScanCore.csproj", "{1C320489-6835-4DAE-9070-F095E4A70981}"
EndProject
Global
	GlobalSection(SolutionConfigurationPlatforms) = preSolution
		Debug|Any CPU = Debug|Any CPU
		Release|Any CPU = Release|Any CPU
	EndGlobalSection
	GlobalSection(ProjectConfigurationPlatforms) = postSolution
		{BFF6B617-5E21-45D0-A845-ED625382B90C}.Debug|Any CPU.ActiveCfg = Debug|Any CPU
		{BFF6B617-5E21-45D0-A845-ED625382B90C}.Debug|Any CPU.Build.0 = Debug|Any CPU
		{BFF6B617-5E21-45D0-A845-ED625382B90C}.Release|Any CPU.ActiveCfg = Release|Any CPU
		{BFF6B617-5E21-45D0-A845-ED625382B90C}.Release|Any CPU.Build.0 = Release|Any CPU
		{1C320489-6835-4DAE-9070-F095E4A70981}.Debug|Any CPU.ActiveCfg = Debug|Any CPU
		{1C320489-6835-4DAE-9070-F095E4A70981}.Debug|Any CPU.Build.0 = Debug|Any CPU
		{1C320489-6835-4DAE-9070-F095E4A70981}.Release|Any CPU.ActiveCfg = Release|Any CPU
		{1C320489-6835-4DAE-9070-F095E4A70981}.Release|Any CPU.Build.0 = Release|Any CPU
	EndGlobalSection
	GlobalSection(SolutionProperties) = preSolution
		HideSolutionNode = FALSE
	EndGlobalSection
	GlobalSection(ExtensibilityGlobals) = postSolution
		SolutionGuid = {E6A74815-E8AB-4253-96E4-420423331EF6}
	EndGlobalSection
EndGlobal
