<?xml version="1.0" encoding="utf-8"?>
<Project ToolsVersion="4.0" xmlns="http://schemas.microsoft.com/developer/msbuild/2003">
  <ItemGroup>
    <Filter Include="Source Files">
      <UniqueIdentifier>{4FC737F1-C7A5-4376-A066-2A32D752A2FF}</UniqueIdentifier>
      <Extensions>cpp;c;cc;cxx;def;odl;idl;hpj;bat;asm;asmx</Extensions>
    </Filter>
    <Filter Include="Header Files">
      <UniqueIdentifier>{93995380-89BD-4b04-88EB-625FBE52EBFB}</UniqueIdentifier>
      <Extensions>h;hh;hpp;hxx;hm;inl;inc;xsd</Extensions>
    </Filter>
    <Filter Include="Resource Files">
      <UniqueIdentifier>{67DA6AB6-F800-4c08-8B7A-83BB121AAD01}</UniqueIdentifier>
      <Extensions>rc;ico;cur;bmp;dlg;rc2;rct;bin;rgs;gif;jpg;jpeg;jpe;resx;tiff;tif;png;wav;mfcribbon-ms</Extensions>
    </Filter>
    <Filter Include="Source Files\Device">
      <UniqueIdentifier>{953849f1-7e9e-47bc-8fcd-f807fc4495c1}</UniqueIdentifier>
    </Filter>
    <Filter Include="Header Files\Device">
      <UniqueIdentifier>{30747d02-4f7f-4f2c-86f3-afb3cc08f666}</UniqueIdentifier>
    </Filter>
    <Filter Include="Header Files\HostScanning">
      <UniqueIdentifier>{5dcea815-73b9-45e8-9c87-14498fcdaa0e}</UniqueIdentifier>
    </Filter>
    <Filter Include="Source Files\HostScanning">
      <UniqueIdentifier>{95ea19f2-bb6f-442b-991b-ed33225e30dc}</UniqueIdentifier>
    </Filter>
    <Filter Include="Header Files\Host">
      <UniqueIdentifier>{1143ce5e-8faf-4935-9343-461f6fa87a4b}</UniqueIdentifier>
    </Filter>
    <Filter Include="Header Files\ScanResult">
      <UniqueIdentifier>{739676bd-6847-4ac9-8272-4dda04d55b29}</UniqueIdentifier>
    </Filter>
    <Filter Include="Source Files\ScanResult">
      <UniqueIdentifier>{a61074fd-475c-42c5-b2fa-22db78583a4c}</UniqueIdentifier>
    </Filter>
  </ItemGroup>
  <ItemGroup>
    <ClCompile Include="main.cpp">
      <Filter>Source Files</Filter>
    </ClCompile>
    <ClCompile Include="arp_request.cpp">
      <Filter>Source Files</Filter>
    </ClCompile>
    <ClCompile Include="target.cpp">
      <Filter>Source Files</Filter>
    </ClCompile>
    <ClCompile Include="adapter.cpp">
      <Filter>Source Files</Filter>
    </ClCompile>
    <ClCompile Include="adapter_scan.cpp">
      <Filter>Source Files</Filter>
    </ClCompile>
    <ClCompile Include="headers.cpp">
      <Filter>Source Files</Filter>
    </ClCompile>
    <ClCompile Include="console_color.cpp">
      <Filter>Source Files</Filter>
    </ClCompile>
    <ClCompile Include="host_scanner.cpp">
      <Filter>Source Files\HostScanning</Filter>
    </ClCompile>
    <ClCompile Include="tcp_host_scanner.cpp">
      <Filter>Source Files\HostScanning</Filter>
    </ClCompile>
    <ClCompile Include="device_manager.cpp">
      <Filter>Source Files\Device</Filter>
    </ClCompile>
    <ClCompile Include="host.cpp">
      <Filter>Source Files</Filter>
    </ClCompile>
    <ClCompile Include="device_address.cpp">
      <Filter>Source Files\Device</Filter>
    </ClCompile>
    <ClCompile Include="ipv4_address.cpp">
      <Filter>Source Files\Device</Filter>
    </ClCompile>
    <ClCompile Include="arp_host_scanner.cpp">
      <Filter>Source Files\HostScanning</Filter>
    </ClCompile>
    <ClCompile Include="mac_address.cpp">
      <Filter>Source Files\Device</Filter>
    </ClCompile>
    <ClCompile Include="console_tools.cpp">
      <Filter>Source Files</Filter>
    </ClCompile>
    <ClCompile Include="ipv4_range.cpp">
      <Filter>Source Files\Device</Filter>
    </ClCompile>
    <ClCompile Include="scan_result.cpp">
      <Filter>Source Files\ScanResult</Filter>
    </ClCompile>
    <ClCompile Include="found_host.cpp">
      <Filter>Source Files\ScanResult</Filter>
    </ClCompile>
    <ClCompile Include="scan_manager.cpp">
      <Filter>Source Files\HostScanning</Filter>
    </ClCompile>
  </ItemGroup>
  <ItemGroup>
    <ClInclude Include="main.h">
      <Filter>Header Files</Filter>
    </ClInclude>
    <ClInclude Include="headers.h">
      <Filter>Header Files</Filter>
    </ClInclude>
    <ClInclude Include="arp_request.h">
      <Filter>Header Files</Filter>
    </ClInclude>
    <ClInclude Include="target.h">
      <Filter>Header Files</Filter>
    </ClInclude>
    <ClInclude Include="adapter.h">
      <Filter>Header Files</Filter>
    </ClInclude>
    <ClInclude Include="adapter_scan.h">
      <Filter>Header Files</Filter>
    </ClInclude>
    <ClInclude Include="console_color.h">
      <Filter>Header Files</Filter>
    </ClInclude>
    <ClInclude Include="host_scanner.h">
      <Filter>Header Files\HostScanning</Filter>
    </ClInclude>
    <ClInclude Include="tcp_host_scanner.h">
      <Filter>Header Files\HostScanning</Filter>
    </ClInclude>
    <ClInclude Include="device_manager.h">
      <Filter>Header Files\Device</Filter>
    </ClInclude>
    <ClInclude Include="host.h">
      <Filter>Header Files\Host</Filter>
    </ClInclude>
    <ClInclude Include="device_address.h">
      <Filter>Header Files\Device</Filter>
    </ClInclude>
    <ClInclude Include="ipv4_address.h">
      <Filter>Header Files\Device</Filter>
    </ClInclude>
    <ClInclude Include="arp_host_scanner.h">
      <Filter>Header Files\HostScanning</Filter>
    </ClInclude>
    <ClInclude Include="mac_address.h">
      <Filter>Header Files\Device</Filter>
    </ClInclude>
    <ClInclude Include="console_tools.h">
      <Filter>Header Files</Filter>
    </ClInclude>
    <ClInclude Include="ipv4_range.h">
      <Filter>Header Files\Device</Filter>
    </ClInclude>
    <ClInclude Include="scan_result.h">
      <Filter>Header Files\ScanResult</Filter>
    </ClInclude>
    <ClInclude Include="found_host.h">
      <Filter>Header Files\ScanResult</Filter>
    </ClInclude>
    <ClInclude Include="scan_manager.h">
      <Filter>Header Files\HostScanning</Filter>
    </ClInclude>
  </ItemGroup>
  <ItemGroup>
    <Text Include="TODO.txt" />
  </ItemGroup>
</Project>